
Microsoft Visual Studio Solution File, Format Version 12.00
# Visual Studio Version 16
VisualStudioVersion = 16.0.30711.63
MinimumVisualStudioVersion = 10.0.40219.1
Project("{9A19103F-16F7-4668-BE54-9A1E7A4F7556}") = "CSharpExercises", "CSharpExercises.csproj", "{B33E8388-6282-4D20-8C8A-4E9BFF4C8587}"
EndProject
Project("{9A19103F-16F7-4668-BE54-9A1E7A4F7556}") = "ConsoleAppDb", "..\ConsoleAppDb\ConsoleAppDb.csproj", "{948D3161-4850-413E-88FA-3C0225D4FF47}"
EndProject
Project("{FAE04EC0-301F-11D3-BF4B-00C04F79EFBC}") = "WebApplication", "..\WebApplication\WebApplication.csproj", "{BE2D00E7-0294-4611-B43E-C531F8484644}"
EndProject
Project("{FAE04EC0-301F-11D3-BF4B-00C04F79EFBC}") = "WebApplication2", "..\WebApplication2\WebApplication2.csproj", "{5BBA5B93-7E6A-4659-A74D-20167E9DFD62}"
EndProject
Global
	GlobalSection(SolutionConfigurationPlatforms) = preSolution
		Debug|Any CPU = Debug|Any CPU
		Release|Any CPU = Release|Any CPU
	EndGlobalSection
	GlobalSection(ProjectConfigurationPlatforms) = postSolution
		{B33E8388-6282-4D20-8C8A-4E9BFF4C8587}.Debug|Any CPU.ActiveCfg = Debug|Any CPU
		{B33E8388-6282-4D20-8C8A-4E9BFF4C8587}.Debug|Any CPU.Build.0 = Debug|Any CPU
		{B33E8388-6282-4D20-8C8A-4E9BFF4C8587}.Release|Any CPU.ActiveCfg = Release|Any CPU
		{B33E8388-6282-4D20-8C8A-4E9BFF4C8587}.Release|Any CPU.Build.0 = Release|Any CPU
		{948D3161-4850-413E-88FA-3C0225D4FF47}.Debug|Any CPU.ActiveCfg = Debug|Any CPU
		{948D3161-4850-413E-88FA-3C0225D4FF47}.Debug|Any CPU.Build.0 = Debug|Any CPU
		{948D3161-4850-413E-88FA-3C0225D4FF47}.Release|Any CPU.ActiveCfg = Release|Any CPU
		{948D3161-4850-413E-88FA-3C0225D4FF47}.Release|Any CPU.Build.0 = Release|Any CPU
		{BE2D00E7-0294-4611-B43E-C531F8484644}.Debug|Any CPU.ActiveCfg = Debug|Any CPU
		{BE2D00E7-0294-4611-B43E-C531F8484644}.Debug|Any CPU.Build.0 = Debug|Any CPU
		{BE2D00E7-0294-4611-B43E-C531F8484644}.Release|Any CPU.ActiveCfg = Release|Any CPU
		{BE2D00E7-0294-4611-B43E-C531F8484644}.Release|Any CPU.Build.0 = Release|Any CPU
		{5BBA5B93-7E6A-4659-A74D-20167E9DFD62}.Debug|Any CPU.ActiveCfg = Debug|Any CPU
		{5BBA5B93-7E6A-4659-A74D-20167E9DFD62}.Debug|Any CPU.Build.0 = Debug|Any CPU
		{5BBA5B93-7E6A-4659-A74D-20167E9DFD62}.Release|Any CPU.ActiveCfg = Release|Any CPU
		{5BBA5B93-7E6A-4659-A74D-20167E9DFD62}.Release|Any CPU.Build.0 = Release|Any CPU
	EndGlobalSection
	GlobalSection(SolutionProperties) = preSolution
		HideSolutionNode = FALSE
	EndGlobalSection
	GlobalSection(ExtensibilityGlobals) = postSolution
		SolutionGuid = {DF31F5FE-9A4F-4AC0-878F-9F917D675FBA}
	EndGlobalSection
EndGlobal
